
Microsoft Visual Studio Solution File, Format Version 12.00
# Visual Studio Version 17
VisualStudioVersion = 17.14.36109.1
MinimumVisualStudioVersion = 10.0.40219.1
Project("{FAE04EC0-301F-11D3-BF4B-00C04F79EFBC}") = "AudiophileEcommerceAPI", "AudiophileEcommerceAPI\AudiophileEcommerceAPI.csproj", "{5421B40E-EF83-4F0C-B216-9402E99D6D39}"
EndProject
Project("{FAE04EC0-301F-11D3-BF4B-00C04F79EFBC}") = "Audiophile.Domain", "Audiophile.Domain\Audiophile.Domain.csproj", "{D6BEF429-F289-4C74-98EB-BDC6B0A563D1}"
EndProject
Project("{FAE04EC0-301F-11D3-BF4B-00C04F79EFBC}") = "Audiophile.Application", "Audiophile.Application\Audiophile.Application.csproj", "{35F87B2E-5865-4143-997C-8424888FD517}"
EndProject
Project("{FAE04EC0-301F-11D3-BF4B-00C04F79EFBC}") = "Audiophile.Infrastructure", "Audiophile.Infrastructure\Audiophile.Infrastructure.csproj", "{5FDB6ABA-76D9-490C-95DF-25AE47EB1DF8}"
EndProject
Global
	GlobalSection(SolutionConfigurationPlatforms) = preSolution
		Debug|Any CPU = Debug|Any CPU
		Release|Any CPU = Release|Any CPU
	EndGlobalSection
	GlobalSection(ProjectConfigurationPlatforms) = postSolution
		{5421B40E-EF83-4F0C-B216-9402E99D6D39}.Debug|Any CPU.ActiveCfg = Debug|Any CPU
		{5421B40E-EF83-4F0C-B216-9402E99D6D39}.Debug|Any CPU.Build.0 = Debug|Any CPU
		{5421B40E-EF83-4F0C-B216-9402E99D6D39}.Release|Any CPU.ActiveCfg = Release|Any CPU
		{5421B40E-EF83-4F0C-B216-9402E99D6D39}.Release|Any CPU.Build.0 = Release|Any CPU
		{D6BEF429-F289-4C74-98EB-BDC6B0A563D1}.Debug|Any CPU.ActiveCfg = Debug|Any CPU
		{D6BEF429-F289-4C74-98EB-BDC6B0A563D1}.Debug|Any CPU.Build.0 = Debug|Any CPU
		{D6BEF429-F289-4C74-98EB-BDC6B0A563D1}.Release|Any CPU.ActiveCfg = Release|Any CPU
		{D6BEF429-F289-4C74-98EB-BDC6B0A563D1}.Release|Any CPU.Build.0 = Release|Any CPU
		{35F87B2E-5865-4143-997C-8424888FD517}.Debug|Any CPU.ActiveCfg = Debug|Any CPU
		{35F87B2E-5865-4143-997C-8424888FD517}.Debug|Any CPU.Build.0 = Debug|Any CPU
		{35F87B2E-5865-4143-997C-8424888FD517}.Release|Any CPU.ActiveCfg = Release|Any CPU
		{35F87B2E-5865-4143-997C-8424888FD517}.Release|Any CPU.Build.0 = Release|Any CPU
		{5FDB6ABA-76D9-490C-95DF-25AE47EB1DF8}.Debug|Any CPU.ActiveCfg = Debug|Any CPU
		{5FDB6ABA-76D9-490C-95DF-25AE47EB1DF8}.Debug|Any CPU.Build.0 = Debug|Any CPU
		{5FDB6ABA-76D9-490C-95DF-25AE47EB1DF8}.Release|Any CPU.ActiveCfg = Release|Any CPU
		{5FDB6ABA-76D9-490C-95DF-25AE47EB1DF8}.Release|Any CPU.Build.0 = Release|Any CPU
	EndGlobalSection
	GlobalSection(SolutionProperties) = preSolution
		HideSolutionNode = FALSE
	EndGlobalSection
	GlobalSection(ExtensibilityGlobals) = postSolution
		SolutionGuid = {B4553DC1-BAEA-4A18-BEC1-1CE2172B0CF4}
	EndGlobalSection
EndGlobal
